
Microsoft Visual Studio Solution File, Format Version 12.00
# Visual Studio Version 17
VisualStudioVersion = 17.0.31903.59
MinimumVisualStudioVersion = 10.0.40219.1
Project("{FAE04EC0-301F-11D3-BF4B-00C04F79EFBC}") = "AuthApi", "AuthApi\AuthApi.csproj", "{BDDDAF64-A7FF-457A-B627-259C5CB4F1E0}"
EndProject
Project("{FAE04EC0-301F-11D3-BF4B-00C04F79EFBC}") = "AuthApi.Data", "AuthApi.Data\AuthApi.Data.csproj", "{FF61F2F5-E6E5-4D81-9B37-3AD425756BA6}"
EndProject
Project("{FAE04EC0-301F-11D3-BF4B-00C04F79EFBC}") = "AuthApi.Core", "AuthApi.Core\AuthApi.Core.csproj", "{B9F65DD3-38AC-424F-BD10-261547442A4D}"
EndProject
Global
	GlobalSection(SolutionConfigurationPlatforms) = preSolution
		Debug|Any CPU = Debug|Any CPU
		Release|Any CPU = Release|Any CPU
	EndGlobalSection
	GlobalSection(SolutionProperties) = preSolution
		HideSolutionNode = FALSE
	EndGlobalSection
	GlobalSection(ProjectConfigurationPlatforms) = postSolution
		{BDDDAF64-A7FF-457A-B627-259C5CB4F1E0}.Debug|Any CPU.ActiveCfg = Debug|Any CPU
		{BDDDAF64-A7FF-457A-B627-259C5CB4F1E0}.Debug|Any CPU.Build.0 = Debug|Any CPU
		{BDDDAF64-A7FF-457A-B627-259C5CB4F1E0}.Release|Any CPU.ActiveCfg = Release|Any CPU
		{BDDDAF64-A7FF-457A-B627-259C5CB4F1E0}.Release|Any CPU.Build.0 = Release|Any CPU
		{FF61F2F5-E6E5-4D81-9B37-3AD425756BA6}.Debug|Any CPU.ActiveCfg = Debug|Any CPU
		{FF61F2F5-E6E5-4D81-9B37-3AD425756BA6}.Debug|Any CPU.Build.0 = Debug|Any CPU
		{FF61F2F5-E6E5-4D81-9B37-3AD425756BA6}.Release|Any CPU.ActiveCfg = Release|Any CPU
		{FF61F2F5-E6E5-4D81-9B37-3AD425756BA6}.Release|Any CPU.Build.0 = Release|Any CPU
		{B9F65DD3-38AC-424F-BD10-261547442A4D}.Debug|Any CPU.ActiveCfg = Debug|Any CPU
		{B9F65DD3-38AC-424F-BD10-261547442A4D}.Debug|Any CPU.Build.0 = Debug|Any CPU
		{B9F65DD3-38AC-424F-BD10-261547442A4D}.Release|Any CPU.ActiveCfg = Release|Any CPU
		{B9F65DD3-38AC-424F-BD10-261547442A4D}.Release|Any CPU.Build.0 = Release|Any CPU
	EndGlobalSection
EndGlobal
